// !$*UTF8*$!
{
	archiveVersion = 1;
	classes = {
	};
	objectVersion = 50;
	objects = {

/* Begin PBXBuildFile section */
		4231480C220E57C6007CF457 /* AppDelegate.swift in Sources */ = {isa = PBXBuildFile; fileRef = 4231480B220E57C6007CF457 /* AppDelegate.swift */; };
		4231480E220E57C6007CF457 /* ViewController.swift in Sources */ = {isa = PBXBuildFile; fileRef = 4231480D220E57C6007CF457 /* ViewController.swift */; };
		42314811220E57C6007CF457 /* Main.storyboard in Resources */ = {isa = PBXBuildFile; fileRef = 4231480F220E57C6007CF457 /* Main.storyboard */; };
		42314813220E57C8007CF457 /* Assets.xcassets in Resources */ = {isa = PBXBuildFile; fileRef = 42314812220E57C8007CF457 /* Assets.xcassets */; };
		42314816220E57C8007CF457 /* LaunchScreen.storyboard in Resources */ = {isa = PBXBuildFile; fileRef = 42314814220E57C8007CF457 /* LaunchScreen.storyboard */; };
		42314821220E57C8007CF457 /* youtubeTests.swift in Sources */ = {isa = PBXBuildFile; fileRef = 42314820220E57C8007CF457 /* youtubeTests.swift */; };
		4231482C220E57C8007CF457 /* youtubeUITests.swift in Sources */ = {isa = PBXBuildFile; fileRef = 4231482B220E57C8007CF457 /* youtubeUITests.swift */; };
/* End PBXBuildFile section */

/* Begin PBXContainerItemProxy section */
		4231481D220E57C8007CF457 /* PBXContainerItemProxy */ = {
			isa = PBXContainerItemProxy;
			containerPortal = 42314800220E57C6007CF457 /* Project object */;
			proxyType = 1;
			remoteGlobalIDString = 42314807220E57C6007CF457;
			remoteInfo = youtube;
		};
		42314828220E57C8007CF457 /* PBXContainerItemProxy */ = {
			isa = PBXContainerItemProxy;
			containerPortal = 42314800220E57C6007CF457 /* Project object */;
			proxyType = 1;
			remoteGlobalIDString = 42314807220E57C6007CF457;
			remoteInfo = youtube;
		};
/* End PBXContainerItemProxy section */

/* Begin PBXFileReference section */
		42314808220E57C6007CF457 /* youtube.app */ = {isa = PBXFileReference; explicitFileType = wrapper.application; includeInIndex = 0; path = youtube.app; sourceTree = BUILT_PRODUCTS_DIR; };
		4231480B220E57C6007CF457 /* AppDelegate.swift */ = {isa = PBXFileReference; lastKnownFileType = sourcecode.swift; path = AppDelegate.swift; sourceTree = "<group>"; };
		4231480D220E57C6007CF457 /* ViewController.swift */ = {isa = PBXFileReference; lastKnownFileType = sourcecode.swift; path = ViewController.swift; sourceTree = "<group>"; };
		42314810220E57C6007CF457 /* Base */ = {isa = PBXFileReference; lastKnownFileType = file.storyboard; name = Base; path = Base.lproj/Main.storyboard; sourceTree = "<group>"; };
		42314812220E57C8007CF457 /* Assets.xcassets */ = {isa = PBXFileReference; lastKnownFileType = folder.assetcatalog; path = Assets.xcassets; sourceTree = "<group>"; };
		42314815220E57C8007CF457 /* Base */ = {isa = PBXFileReference; lastKnownFileType = file.storyboard; name = Base; path = Base.lproj/LaunchScreen.storyboard; sourceTree = "<group>"; };
		42314817220E57C8007CF457 /* Info.plist */ = {isa = PBXFileReference; lastKnownFileType = text.plist.xml; path = Info.plist; sourceTree = "<group>"; };
		4231481C220E57C8007CF457 /* youtubeTests.xctest */ = {isa = PBXFileReference; explicitFileType = wrapper.cfbundle; includeInIndex = 0; path = youtubeTests.xctest; sourceTree = BUILT_PRODUCTS_DIR; };
		42314820220E57C8007CF457 /* youtubeTests.swift */ = {isa = PBXFileReference; lastKnownFileType = sourcecode.swift; path = youtubeTests.swift; sourceTree = "<group>"; };
		42314822220E57C8007CF457 /* Info.plist */ = {isa = PBXFileReference; lastKnownFileType = text.plist.xml; path = Info.plist; sourceTree = "<group>"; };
		42314827220E57C8007CF457 /* youtubeUITests.xctest */ = {isa = PBXFileReference; explicitFileType = wrapper.cfbundle; includeInIndex = 0; path = youtubeUITests.xctest; sourceTree = BUILT_PRODUCTS_DIR; };
		4231482B220E57C8007CF457 /* youtubeUITests.swift */ = {isa = PBXFileReference; lastKnownFileType = sourcecode.swift; path = youtubeUITests.swift; sourceTree = "<group>"; };
		4231482D220E57C8007CF457 /* Info.plist */ = {isa = PBXFileReference; lastKnownFileType = text.plist.xml; path = Info.plist; sourceTree = "<group>"; };
/* End PBXFileReference section */

/* Begin PBXFrameworksBuildPhase section */
		42314805220E57C6007CF457 /* Frameworks */ = {
			isa = PBXFrameworksBuildPhase;
			buildActionMask = 2147483647;
			files = (
			);
			runOnlyForDeploymentPostprocessing = 0;
		};
		42314819220E57C8007CF457 /* Frameworks */ = {
			isa = PBXFrameworksBuildPhase;
			buildActionMask = 2147483647;
			files = (
			);
			runOnlyForDeploymentPostprocessing = 0;
		};
		42314824220E57C8007CF457 /* Frameworks */ = {
			isa = PBXFrameworksBuildPhase;
			buildActionMask = 2147483647;
			files = (
			);
			runOnlyForDeploymentPostprocessing = 0;
		};
/* End PBXFrameworksBuildPhase section */

/* Begin PBXGroup section */
		423147FF220E57C6007CF457 = {
			isa = PBXGroup;
			children = (
				4231480A220E57C6007CF457 /* youtube */,
				4231481F220E57C8007CF457 /* youtubeTests */,
				4231482A220E57C8007CF457 /* youtubeUITests */,
				42314809220E57C6007CF457 /* Products */,
			);
			sourceTree = "<group>";
		};
		42314809220E57C6007CF457 /* Products */ = {
			isa = PBXGroup;
			children = (
				42314808220E57C6007CF457 /* youtube.app */,
				4231481C220E57C8007CF457 /* youtubeTests.xctest */,
				42314827220E57C8007CF457 /* youtubeUITests.xctest */,
			);
			name = Products;
			sourceTree = "<group>";
		};
		4231480A220E57C6007CF457 /* youtube */ = {
			isa = PBXGroup;
			children = (
				4231480B220E57C6007CF457 /* AppDelegate.swift */,
				4231480D220E57C6007CF457 /* ViewController.swift */,
				4231480F220E57C6007CF457 /* Main.storyboard */,
				42314812220E57C8007CF457 /* Assets.xcassets */,
				42314814220E57C8007CF457 /* LaunchScreen.storyboard */,
				42314817220E57C8007CF457 /* Info.plist */,
			);
			path = youtube;
			sourceTree = "<group>";
		};
		4231481F220E57C8007CF457 /* youtubeTests */ = {
			isa = PBXGroup;
			children = (
				42314820220E57C8007CF457 /* youtubeTests.swift */,
				42314822220E57C8007CF457 /* Info.plist */,
			);
			path = youtubeTests;
			sourceTree = "<group>";
		};
		4231482A220E57C8007CF457 /* youtubeUITests */ = {
			isa = PBXGroup;
			children = (
				4231482B220E57C8007CF457 /* youtubeUITests.swift */,
				4231482D220E57C8007CF457 /* Info.plist */,
			);
			path = youtubeUITests;
			sourceTree = "<group>";
		};
/* End PBXGroup section */

/* Begin PBXNativeTarget section */
		42314807220E57C6007CF457 /* youtube */ = {
			isa = PBXNativeTarget;
			buildConfigurationList = 42314830220E57C8007CF457 /* Build configuration list for PBXNativeTarget "youtube" */;
			buildPhases = (
				42314804220E57C6007CF457 /* Sources */,
				42314805220E57C6007CF457 /* Frameworks */,
				42314806220E57C6007CF457 /* Resources */,
			);
			buildRules = (
			);
			dependencies = (
			);
			name = youtube;
			productName = youtube;
			productReference = 42314808220E57C6007CF457 /* youtube.app */;
			productType = "com.apple.product-type.application";
		};
		4231481B220E57C8007CF457 /* youtubeTests */ = {
			isa = PBXNativeTarget;
			buildConfigurationList = 42314833220E57C8007CF457 /* Build configuration list for PBXNativeTarget "youtubeTests" */;
			buildPhases = (
				42314818220E57C8007CF457 /* Sources */,
				42314819220E57C8007CF457 /* Frameworks */,
				4231481A220E57C8007CF457 /* Resources */,
			);
			buildRules = (
			);
			dependencies = (
				4231481E220E57C8007CF457 /* PBXTargetDependency */,
			);
			name = youtubeTests;
			productName = youtubeTests;
			productReference = 4231481C220E57C8007CF457 /* youtubeTests.xctest */;
			productType = "com.apple.product-type.bundle.unit-test";
		};
		42314826220E57C8007CF457 /* youtubeUITests */ = {
			isa = PBXNativeTarget;
			buildConfigurationList = 42314836220E57C8007CF457 /* Build configuration list for PBXNativeTarget "youtubeUITests" */;
			buildPhases = (
				42314823220E57C8007CF457 /* Sources */,
				42314824220E57C8007CF457 /* Frameworks */,
				42314825220E57C8007CF457 /* Resources */,
			);
			buildRules = (
			);
			dependencies = (
				42314829220E57C8007CF457 /* PBXTargetDependency */,
			);
			name = youtubeUITests;
			productName = youtubeUITests;
			productReference = 42314827220E57C8007CF457 /* youtubeUITests.xctest */;
			productType = "com.apple.product-type.bundle.ui-testing";
		};
/* End PBXNativeTarget section */

/* Begin PBXProject section */
		42314800220E57C6007CF457 /* Project object */ = {
			isa = PBXProject;
			attributes = {
				LastSwiftUpdateCheck = 1010;
				LastUpgradeCheck = 1010;
				ORGANIZATIONNAME = "Charles Li";
				TargetAttributes = {
					42314807220E57C6007CF457 = {
						CreatedOnToolsVersion = 10.1;
					};
					4231481B220E57C8007CF457 = {
						CreatedOnToolsVersion = 10.1;
						TestTargetID = 42314807220E57C6007CF457;
					};
					42314826220E57C8007CF457 = {
						CreatedOnToolsVersion = 10.1;
						TestTargetID = 42314807220E57C6007CF457;
					};
				};
			};
			buildConfigurationList = 42314803220E57C6007CF457 /* Build configuration list for PBXProject "youtube" */;
			compatibilityVersion = "Xcode 9.3";
			developmentRegion = en;
			hasScannedForEncodings = 0;
			knownRegions = (
				en,
				Base,
			);
			mainGroup = 423147FF220E57C6007CF457;
			productRefGroup = 42314809220E57C6007CF457 /* Products */;
			projectDirPath = "";
			projectRoot = "";
			targets = (
				42314807220E57C6007CF457 /* youtube */,
				4231481B220E57C8007CF457 /* youtubeTests */,
				42314826220E57C8007CF457 /* youtubeUITests */,
			);
		};
/* End PBXProject section */

/* Begin PBXResourcesBuildPhase section */
		42314806220E57C6007CF457 /* Resources */ = {
			isa = PBXResourcesBuildPhase;
			buildActionMask = 2147483647;
			files = (
				42314816220E57C8007CF457 /* LaunchScreen.storyboard in Resources */,
				42314813220E57C8007CF457 /* Assets.xcassets in Resources */,
				42314811220E57C6007CF457 /* Main.storyboard in Resources */,
			);
			runOnlyForDeploymentPostprocessing = 0;
		};
		4231481A220E57C8007CF457 /* Resources */ = {
			isa = PBXResourcesBuildPhase;
			buildActionMask = 2147483647;
			files = (
			);
			runOnlyForDeploymentPostprocessing = 0;
		};
		42314825220E57C8007CF457 /* Resources */ = {
			isa = PBXResourcesBuildPhase;
			buildActionMask = 2147483647;
			files = (
			);
			runOnlyForDeploymentPostprocessing = 0;
		};
/* End PBXResourcesBuildPhase section */

/* Begin PBXSourcesBuildPhase section */
		42314804220E57C6007CF457 /* Sources */ = {
			isa = PBXSourcesBuildPhase;
			buildActionMask = 2147483647;
			files = (
				4231480E220E57C6007CF457 /* ViewController.swift in Sources */,
				4231480C220E57C6007CF457 /* AppDelegate.swift in Sources */,
			);
			runOnlyForDeploymentPostprocessing = 0;
		};
		42314818220E57C8007CF457 /* Sources */ = {
			isa = PBXSourcesBuildPhase;
			buildActionMask = 2147483647;
			files = (
				42314821220E57C8007CF457 /* youtubeTests.swift in Sources */,
			);
			runOnlyForDeploymentPostprocessing = 0;
		};
		42314823220E57C8007CF457 /* Sources */ = {
			isa = PBXSourcesBuildPhase;
			buildActionMask = 2147483647;
			files = (
				4231482C220E57C8007CF457 /* youtubeUITests.swift in Sources */,
			);
			runOnlyForDeploymentPostprocessing = 0;
		};
/* End PBXSourcesBuildPhase section */

/* Begin PBXTargetDependency section */
		4231481E220E57C8007CF457 /* PBXTargetDependency */ = {
			isa = PBXTargetDependency;
			target = 42314807220E57C6007CF457 /* youtube */;
			targetProxy = 4231481D220E57C8007CF457 /* PBXContainerItemProxy */;
		};
		42314829220E57C8007CF457 /* PBXTargetDependency */ = {
			isa = PBXTargetDependency;
			target = 42314807220E57C6007CF457 /* youtube */;
			targetProxy = 42314828220E57C8007CF457 /* PBXContainerItemProxy */;
		};
/* End PBXTargetDependency section */

/* Begin PBXVariantGroup section */
		4231480F220E57C6007CF457 /* Main.storyboard */ = {
			isa = PBXVariantGroup;
			children = (
				42314810220E57C6007CF457 /* Base */,
			);
			name = Main.storyboard;
			sourceTree = "<group>";
		};
		42314814220E57C8007CF457 /* LaunchScreen.storyboard */ = {
			isa = PBXVariantGroup;
			children = (
				42314815220E57C8007CF457 /* Base */,
			);
			name = LaunchScreen.storyboard;
			sourceTree = "<group>";
		};
/* End PBXVariantGroup section */

/* Begin XCBuildConfiguration section */
		4231482E220E57C8007CF457 /* Debug */ = {
			isa = XCBuildConfiguration;
			buildSettings = {
				ALWAYS_SEARCH_USER_PATHS = NO;
				CLANG_ANALYZER_NONNULL = YES;
				CLANG_ANALYZER_NUMBER_OBJECT_CONVERSION = YES_AGGRESSIVE;
				CLANG_CXX_LANGUAGE_STANDARD = "gnu++14";
				CLANG_CXX_LIBRARY = "libc++";
				CLANG_ENABLE_MODULES = YES;
				CLANG_ENABLE_OBJC_ARC = YES;
				CLANG_ENABLE_OBJC_WEAK = YES;
				CLANG_WARN_BLOCK_CAPTURE_AUTORELEASING = YES;
				CLANG_WARN_BOOL_CONVERSION = YES;
				CLANG_WARN_COMMA = YES;
				CLANG_WARN_CONSTANT_CONVERSION = YES;
				CLANG_WARN_DEPRECATED_OBJC_IMPLEMENTATIONS = YES;
				CLANG_WARN_DIRECT_OBJC_ISA_USAGE = YES_ERROR;
				CLANG_WARN_DOCUMENTATION_COMMENTS = YES;
				CLANG_WARN_EMPTY_BODY = YES;
				CLANG_WARN_ENUM_CONVERSION = YES;
				CLANG_WARN_INFINITE_RECURSION = YES;
				CLANG_WARN_INT_CONVERSION = YES;
				CLANG_WARN_NON_LITERAL_NULL_CONVERSION = YES;
				CLANG_WARN_OBJC_IMPLICIT_RETAIN_SELF = YES;
				CLANG_WARN_OBJC_LITERAL_CONVERSION = YES;
				CLANG_WARN_OBJC_ROOT_CLASS = YES_ERROR;
				CLANG_WARN_RANGE_LOOP_ANALYSIS = YES;
				CLANG_WARN_STRICT_PROTOTYPES = YES;
				CLANG_WARN_SUSPICIOUS_MOVE = YES;
				CLANG_WARN_UNGUARDED_AVAILABILITY = YES_AGGRESSIVE;
				CLANG_WARN_UNREACHABLE_CODE = YES;
				CLANG_WARN__DUPLICATE_METHOD_MATCH = YES;
				CODE_SIGN_IDENTITY = "iPhone Developer";
				COPY_PHASE_STRIP = NO;
				DEBUG_INFORMATION_FORMAT = dwarf;
				ENABLE_STRICT_OBJC_MSGSEND = YES;
				ENABLE_TESTABILITY = YES;
				GCC_C_LANGUAGE_STANDARD = gnu11;
				GCC_DYNAMIC_NO_PIC = NO;
				GCC_NO_COMMON_BLOCKS = YES;
				GCC_OPTIMIZATION_LEVEL = 0;
				GCC_PREPROCESSOR_DEFINITIONS = (
					"DEBUG=1",
					"$(inherited)",
				);
				GCC_WARN_64_TO_32_BIT_CONVERSION = YES;
				GCC_WARN_ABOUT_RETURN_TYPE = YES_ERROR;
				GCC_WARN_UNDECLARED_SELECTOR = YES;
				GCC_WARN_UNINITIALIZED_AUTOS = YES_AGGRESSIVE;
				GCC_WARN_UNUSED_FUNCTION = YES;
				GCC_WARN_UNUSED_VARIABLE = YES;
				IPHONEOS_DEPLOYMENT_TARGET = 12.1;
				MTL_ENABLE_DEBUG_INFO = INCLUDE_SOURCE;
				MTL_FAST_MATH = YES;
				ONLY_ACTIVE_ARCH = YES;
				SDKROOT = iphoneos;
				SWIFT_ACTIVE_COMPILATION_CONDITIONS = DEBUG;
				SWIFT_OPTIMIZATION_LEVEL = "-Onone";
			};
			name = Debug;
		};
		4231482F220E57C8007CF457 /* Release */ = {
			isa = XCBuildConfiguration;
			buildSettings = {
				ALWAYS_SEARCH_USER_PATHS = NO;
				CLANG_ANALYZER_NONNULL = YES;
				CLANG_ANALYZER_NUMBER_OBJECT_CONVERSION = YES_AGGRESSIVE;
				CLANG_CXX_LANGUAGE_STANDARD = "gnu++14";
				CLANG_CXX_LIBRARY = "libc++";
				CLANG_ENABLE_MODULES = YES;
				CLANG_ENABLE_OBJC_ARC = YES;
				CLANG_ENABLE_OBJC_WEAK = YES;
				CLANG_WARN_BLOCK_CAPTURE_AUTORELEASING = YES;
				CLANG_WARN_BOOL_CONVERSION = YES;
				CLANG_WARN_COMMA = YES;
				CLANG_WARN_CONSTANT_CONVERSION = YES;
				CLANG_WARN_DEPRECATED_OBJC_IMPLEMENTATIONS = YES;
				CLANG_WARN_DIRECT_OBJC_ISA_USAGE = YES_ERROR;
				CLANG_WARN_DOCUMENTATION_COMMENTS = YES;
				CLANG_WARN_EMPTY_BODY = YES;
				CLANG_WARN_ENUM_CONVERSION = YES;
				CLANG_WARN_INFINITE_RECURSION = YES;
				CLANG_WARN_INT_CONVERSION = YES;
				CLANG_WARN_NON_LITERAL_NULL_CONVERSION = YES;
				CLANG_WARN_OBJC_IMPLICIT_RETAIN_SELF = YES;
				CLANG_WARN_OBJC_LITERAL_CONVERSION = YES;
				CLANG_WARN_OBJC_ROOT_CLASS = YES_ERROR;
				CLANG_WARN_RANGE_LOOP_ANALYSIS = YES;
				CLANG_WARN_STRICT_PROTOTYPES = YES;
				CLANG_WARN_SUSPICIOUS_MOVE = YES;
				CLANG_WARN_UNGUARDED_AVAILABILITY = YES_AGGRESSIVE;
				CLANG_WARN_UNREACHABLE_CODE = YES;
				CLANG_WARN__DUPLICATE_METHOD_MATCH = YES;
				CODE_SIGN_IDENTITY = "iPhone Developer";
				COPY_PHASE_STRIP = NO;
				DEBUG_INFORMATION_FORMAT = "dwarf-with-dsym";
				ENABLE_NS_ASSERTIONS = NO;
				ENABLE_STRICT_OBJC_MSGSEND = YES;
				GCC_C_LANGUAGE_STANDARD = gnu11;
				GCC_NO_COMMON_BLOCKS = YES;
				GCC_WARN_64_TO_32_BIT_CONVERSION = YES;
				GCC_WARN_ABOUT_RETURN_TYPE = YES_ERROR;
				GCC_WARN_UNDECLARED_SELECTOR = YES;
				GCC_WARN_UNINITIALIZED_AUTOS = YES_AGGRESSIVE;
				GCC_WARN_UNUSED_FUNCTION = YES;
				GCC_WARN_UNUSED_VARIABLE = YES;
				IPHONEOS_DEPLOYMENT_TARGET = 12.1;
				MTL_ENABLE_DEBUG_INFO = NO;
				MTL_FAST_MATH = YES;
				SDKROOT = iphoneos;
				SWIFT_COMPILATION_MODE = wholemodule;
				SWIFT_OPTIMIZATION_LEVEL = "-O";
				VALIDATE_PRODUCT = YES;
			};
			name = Release;
		};
		42314831220E57C8007CF457 /* Debug */ = {
			isa = XCBuildConfiguration;
			buildSettings = {
				ASSETCATALOG_COMPILER_APPICON_NAME = AppIcon;
				CODE_SIGN_STYLE = Automatic;
				DEVELOPMENT_TEAM = 395YVS9R8M;
				INFOPLIST_FILE = youtube/Info.plist;
				LD_RUNPATH_SEARCH_PATHS = (
					"$(inherited)",
					"@executable_path/Frameworks",
				);
				PRODUCT_BUNDLE_IDENTIFIER = ctsinternationalllc.youtube;
				PRODUCT_NAME = "$(TARGET_NAME)";
				SWIFT_VERSION = 4.2;
				TARGETED_DEVICE_FAMILY = "1,2";
			};
			name = Debug;
		};
		42314832220E57C8007CF457 /* Release */ = {
			isa = XCBuildConfiguration;
			buildSettings = {
				ASSETCATALOG_COMPILER_APPICON_NAME = AppIcon;
				CODE_SIGN_STYLE = Automatic;
				DEVELOPMENT_TEAM = 395YVS9R8M;
				INFOPLIST_FILE = youtube/Info.plist;
				LD_RUNPATH_SEARCH_PATHS = (
					"$(inherited)",
					"@executable_path/Frameworks",
				);
				PRODUCT_BUNDLE_IDENTIFIER = ctsinternationalllc.youtube;
				PRODUCT_NAME = "$(TARGET_NAME)";
				SWIFT_VERSION = 4.2;
				TARGETED_DEVICE_FAMILY = "1,2";
			};
			name = Release;
		};
		42314834220E57C8007CF457 /* Debug */ = {
			isa = XCBuildConfiguration;
			buildSettings = {
				ALWAYS_EMBED_SWIFT_STANDARD_LIBRARIES = YES;
				BUNDLE_LOADER = "$(TEST_HOST)";
				CODE_SIGN_STYLE = Automatic;
				INFOPLIST_FILE = youtubeTests/Info.plist;
				LD_RUNPATH_SEARCH_PATHS = (
					"$(inherited)",
					"@executable_path/Frameworks",
					"@loader_path/Frameworks",
				);
				PRODUCT_BUNDLE_IDENTIFIER = ctsinternationalllc.youtubeTests;
				PRODUCT_NAME = "$(TARGET_NAME)";
				SWIFT_VERSION = 4.2;
				TARGETED_DEVICE_FAMILY = "1,2";
				TEST_HOST = "$(BUILT_PRODUCTS_DIR)/youtube.app/youtube";
			};
			name = Debug;
		};
		42314835220E57C8007CF457 /* Release */ = {
			isa = XCBuildConfiguration;
			buildSettings = {
				ALWAYS_EMBED_SWIFT_STANDARD_LIBRARIES = YES;
				BUNDLE_LOADER = "$(TEST_HOST)";
				CODE_SIGN_STYLE = Automatic;
				INFOPLIST_FILE = youtubeTests/Info.plist;
				LD_RUNPATH_SEARCH_PATHS = (
					"$(inherited)",
					"@executable_path/Frameworks",
					"@loader_path/Frameworks",
				);
				PRODUCT_BUNDLE_IDENTIFIER = ctsinternationalllc.youtubeTests;
				PRODUCT_NAME = "$(TARGET_NAME)";
				SWIFT_VERSION = 4.2;
				TARGETED_DEVICE_FAMILY = "1,2";
				TEST_HOST = "$(BUILT_PRODUCTS_DIR)/youtube.app/youtube";
			};
			name = Release;
		};
		42314837220E57C8007CF457 /* Debug */ = {
			isa = XCBuildConfiguration;
			buildSettings = {
				ALWAYS_EMBED_SWIFT_STANDARD_LIBRARIES = YES;
				CODE_SIGN_STYLE = Automatic;
				INFOPLIST_FILE = youtubeUITests/Info.plist;
				LD_RUNPATH_SEARCH_PATHS = (
					"$(inherited)",
					"@executable_path/Frameworks",
					"@loader_path/Frameworks",
				);
				PRODUCT_BUNDLE_IDENTIFIER = ctsinternationalllc.youtubeUITests;
				PRODUCT_NAME = "$(TARGET_NAME)";
				SWIFT_VERSION = 4.2;
				TARGETED_DEVICE_FAMILY = "1,2";
				TEST_TARGET_NAME = youtube;
			};
			name = Debug;
		};
		42314838220E57C8007CF457 /* Release */ = {
			isa = XCBuildConfiguration;
			buildSettings = {
				ALWAYS_EMBED_SWIFT_STANDARD_LIBRARIES = YES;
				CODE_SIGN_STYLE = Automatic;
				INFOPLIST_FILE = youtubeUITests/Info.plist;
				LD_RUNPATH_SEARCH_PATHS = (
					"$(inherited)",
					"@executable_path/Frameworks",
					"@loader_path/Frameworks",
				);
				PRODUCT_BUNDLE_IDENTIFIER = ctsinternationalllc.youtubeUITests;
				PRODUCT_NAME = "$(TARGET_NAME)";
				SWIFT_VERSION = 4.2;
				TARGETED_DEVICE_FAMILY = "1,2";
				TEST_TARGET_NAME = youtube;
			};
			name = Release;
		};
/* End XCBuildConfiguration section */

/* Begin XCConfigurationList section */
		42314803220E57C6007CF457 /* Build configuration list for PBXProject "youtube" */ = {
			isa = XCConfigurationList;
			buildConfigurations = (
				4231482E220E57C8007CF457 /* Debug */,
				4231482F220E57C8007CF457 /* Release */,
			);
			defaultConfigurationIsVisible = 0;
			defaultConfigurationName = Release;
		};
		42314830220E57C8007CF457 /* Build configuration list for PBXNativeTarget "youtube" */ = {
			isa = XCConfigurationList;
			buildConfigurations = (
				42314831220E57C8007CF457 /* Debug */,
				42314832220E57C8007CF457 /* Release */,
			);
			defaultConfigurationIsVisible = 0;
			defaultConfigurationName = Release;
		};
		42314833220E57C8007CF457 /* Build configuration list for PBXNativeTarget "youtubeTests" */ = {
			isa = XCConfigurationList;
			buildConfigurations = (
				42314834220E57C8007CF457 /* Debug */,
				42314835220E57C8007CF457 /* Release */,
			);
			defaultConfigurationIsVisible = 0;
			defaultConfigurationName = Release;
		};
		42314836220E57C8007CF457 /* Build configuration list for PBXNativeTarget "youtubeUITests" */ = {
			isa = XCConfigurationList;
			buildConfigurations = (
				42314837220E57C8007CF457 /* Debug */,
				42314838220E57C8007CF457 /* Release */,
			);
			defaultConfigurationIsVisible = 0;
			defaultConfigurationName = Release;
		};
/* End XCConfigurationList section */
	};
	rootObject = 42314800220E57C6007CF457 /* Project object */;
}
